
Microsoft Visual Studio Solution File, Format Version 12.00
# Visual Studio 14
VisualStudioVersion = 14.0.25420.1
MinimumVisualStudioVersion = 10.0.40219.1
Project("{FAE04EC0-301F-11D3-BF4B-00C04F79EFBC}") = "TextEditorEx", "TextEditorEx\TextEditorEx.csproj", "{3EF8B4B7-AF69-4195-9D4F-7E6258C17FC0}"
EndProject
Project("{FAE04EC0-301F-11D3-BF4B-00C04F79EFBC}") = "TextEditorBL", "TextEditorBL\TextEditorBL.csproj", "{B4DD28E5-8DC7-474C-9B34-5C68A907EDF3}"
EndProject
Global
	GlobalSection(SolutionConfigurationPlatforms) = preSolution
		Debug|Any CPU = Debug|Any CPU
		Release|Any CPU = Release|Any CPU
	EndGlobalSection
	GlobalSection(ProjectConfigurationPlatforms) = postSolution
		{3EF8B4B7-AF69-4195-9D4F-7E6258C17FC0}.Debug|Any CPU.ActiveCfg = Debug|Any CPU
		{3EF8B4B7-AF69-4195-9D4F-7E6258C17FC0}.Debug|Any CPU.Build.0 = Debug|Any CPU
		{3EF8B4B7-AF69-4195-9D4F-7E6258C17FC0}.Release|Any CPU.ActiveCfg = Release|Any CPU
		{3EF8B4B7-AF69-4195-9D4F-7E6258C17FC0}.Release|Any CPU.Build.0 = Release|Any CPU
		{B4DD28E5-8DC7-474C-9B34-5C68A907EDF3}.Debug|Any CPU.ActiveCfg = Debug|Any CPU
		{B4DD28E5-8DC7-474C-9B34-5C68A907EDF3}.Debug|Any CPU.Build.0 = Debug|Any CPU
		{B4DD28E5-8DC7-474C-9B34-5C68A907EDF3}.Release|Any CPU.ActiveCfg = Release|Any CPU
		{B4DD28E5-8DC7-474C-9B34-5C68A907EDF3}.Release|Any CPU.Build.0 = Release|Any CPU
	EndGlobalSection
	GlobalSection(SolutionProperties) = preSolution
		HideSolutionNode = FALSE
	EndGlobalSection
EndGlobal
